{
  "name": "@o2cil/addusers",
  "version": "0.0.1",
  "lockfileVersion": 1,
  "dependencies": {
    "@o2cil/utilities": {
      "version": "file:../../npm-modules/utilities",
      "dependencies": {
        "querystring": {
          "version": "0.2.0",
          "bundled": true
        }
      }
    }
  }
}
